<?xml version="1.0" encoding="utf-8"?>
<Project ToolsVersion="4.0" xmlns="http://schemas.microsoft.com/developer/msbuild/2003">
  <ItemGroup>
    <Filter Include="Game">
      <UniqueIdentifier>{41818184-c4e6-41ce-821f-c8afc86537cd}</UniqueIdentifier>
    </Filter>
    <Filter Include="Shared">
      <UniqueIdentifier>{86de36d2-c636-4eb2-afc8-514b90f9b0fb}</UniqueIdentifier>
    </Filter>
    <Filter Include="Client">
      <UniqueIdentifier>{165ab5f1-0c83-4009-92d3-294daa106780}</UniqueIdentifier>
    </Filter>
    <Filter Include="Utils">
      <UniqueIdentifier>{514947d3-5854-4bae-a5c1-5f4cc95064f2}</UniqueIdentifier>
    </Filter>
  </ItemGroup>
  <ItemGroup>
    <ClCompile Include="Game\Game.cpp">
      <Filter>Game</Filter>
    </ClCompile>
    <ClCompile Include="Game\Messagehandler.cpp">
      <Filter>Game</Filter>
    </ClCompile>
    <ClCompile Include="Client\Client.cpp">
      <Filter>Client</Filter>
    </ClCompile>
    <ClCompile Include="Utils\Misc.cpp">
      <Filter>Utils</Filter>
    </ClCompile>
    <ClCompile Include="Utils\NamedPipeClient.cpp">
      <Filter>Utils</Filter>
    </ClCompile>
    <ClCompile Include="Utils\NamedPipeServer.cpp">
      <Filter>Utils</Filter>
    </ClCompile>
    <ClCompile Include="Utils\Pattern.cpp">
      <Filter>Utils</Filter>
    </ClCompile>
    <ClCompile Include="dllmain.cpp" />
  </ItemGroup>
  <ItemGroup>
    <ClInclude Include="Game\Game.h">
      <Filter>Game</Filter>
    </ClInclude>
    <ClInclude Include="Game\Messagehandler.h">
      <Filter>Game</Filter>
    </ClInclude>
    <ClInclude Include="Client\Client.h">
      <Filter>Client</Filter>
    </ClInclude>
    <ClInclude Include="Utils\Bitstream.h">
      <Filter>Utils</Filter>
    </ClInclude>
    <ClInclude Include="Utils\Misc.h">
      <Filter>Utils</Filter>
    </ClInclude>
    <ClInclude Include="Utils\NamedPipeClient.h">
      <Filter>Utils</Filter>
    </ClInclude>
    <ClInclude Include="Utils\NamedPipeServer.h">
      <Filter>Utils</Filter>
    </ClInclude>
    <ClInclude Include="Utils\Pattern.h">
      <Filter>Utils</Filter>
    </ClInclude>
    <ClInclude Include="Utils\Windows.h">
      <Filter>Utils</Filter>
    </ClInclude>
    <ClInclude Include="Shared\Config.h">
      <Filter>Shared</Filter>
    </ClInclude>
    <ClInclude Include="Shared\PipeMessages.h">
      <Filter>Shared</Filter>
    </ClInclude>
    <ClInclude Include="dllmain.h" />
  </ItemGroup>
</Project>